// !$*UTF8*$!
{
	archiveVersion = 1;
	classes = {
	};
	objectVersion = 46;
	objects = {

/* Begin PBXBuildFile section */
		5463665B1E4AD6A300BCDBF3 /* UPnPManager.m in Sources */ = {isa = PBXBuildFile; fileRef = 5463665A1E4AD6A300BCDBF3 /* UPnPManager.m */; };
		5463665E1E4AD6B700BCDBF3 /* UPnPManager+Connection.m in Sources */ = {isa = PBXBuildFile; fileRef = 5463665D1E4AD6B700BCDBF3 /* UPnPManager+Connection.m */; };
		547696621E49711D001DAB5F /* NSString+Ext.m in Sources */ = {isa = PBXBuildFile; fileRef = 547696611E49711D001DAB5F /* NSString+Ext.m */; };
		547696651E497B2E001DAB5F /* Address.m in Sources */ = {isa = PBXBuildFile; fileRef = 547696641E497B2E001DAB5F /* Address.m */; };
		547696681E4986D7001DAB5F /* DeviceDescription.m in Sources */ = {isa = PBXBuildFile; fileRef = 547696671E4986D7001DAB5F /* DeviceDescription.m */; };
		5476966B1E4987A6001DAB5F /* Service.m in Sources */ = {isa = PBXBuildFile; fileRef = 5476966A1E4987A6001DAB5F /* Service.m */; };
		5476966E1E4988D5001DAB5F /* ServiceDescription.m in Sources */ = {isa = PBXBuildFile; fileRef = 5476966D1E4988D5001DAB5F /* ServiceDescription.m */; };
		547696711E498ADA001DAB5F /* Device.m in Sources */ = {isa = PBXBuildFile; fileRef = 547696701E498ADA001DAB5F /* Device.m */; };
		547696761E498BEA001DAB5F /* Action.m in Sources */ = {isa = PBXBuildFile; fileRef = 547696751E498BEA001DAB5F /* Action.m */; };
		547696791E498D40001DAB5F /* Argument.m in Sources */ = {isa = PBXBuildFile; fileRef = 547696781E498D40001DAB5F /* Argument.m */; };
		5476967C1E49B612001DAB5F /* CustomTableViewCell.m in Sources */ = {isa = PBXBuildFile; fileRef = 5476967B1E49B612001DAB5F /* CustomTableViewCell.m */; };
		5476967F1E49BA46001DAB5F /* DDDViewController.m in Sources */ = {isa = PBXBuildFile; fileRef = 5476967E1E49BA46001DAB5F /* DDDViewController.m */; };
		547696841E49CE88001DAB5F /* SDDViewController.m in Sources */ = {isa = PBXBuildFile; fileRef = 547696831E49CE88001DAB5F /* SDDViewController.m */; };
		548BF8CD1E482B060074F5F1 /* main.m in Sources */ = {isa = PBXBuildFile; fileRef = 548BF8CC1E482B060074F5F1 /* main.m */; };
		548BF8D01E482B060074F5F1 /* AppDelegate.m in Sources */ = {isa = PBXBuildFile; fileRef = 548BF8CF1E482B060074F5F1 /* AppDelegate.m */; };
		548BF8D31E482B060074F5F1 /* ViewController.m in Sources */ = {isa = PBXBuildFile; fileRef = 548BF8D21E482B060074F5F1 /* ViewController.m */; };
		548BF8D81E482B060074F5F1 /* Assets.xcassets in Resources */ = {isa = PBXBuildFile; fileRef = 548BF8D71E482B060074F5F1 /* Assets.xcassets */; };
		548BF8DB1E482B060074F5F1 /* LaunchScreen.storyboard in Resources */ = {isa = PBXBuildFile; fileRef = 548BF8D91E482B060074F5F1 /* LaunchScreen.storyboard */; };
		548BF8E61E482B060074F5F1 /* SVDLNADemoTests.m in Sources */ = {isa = PBXBuildFile; fileRef = 548BF8E51E482B060074F5F1 /* SVDLNADemoTests.m */; };
		548BF8F11E482B060074F5F1 /* SVDLNADemoUITests.m in Sources */ = {isa = PBXBuildFile; fileRef = 548BF8F01E482B060074F5F1 /* SVDLNADemoUITests.m */; };
		548BF9001E482CBF0074F5F1 /* GCDAsyncUdpSocket.m in Sources */ = {isa = PBXBuildFile; fileRef = 548BF8FF1E482CBF0074F5F1 /* GCDAsyncUdpSocket.m */; };
		548BF9061E4855C10074F5F1 /* SsdpResponseHeader.m in Sources */ = {isa = PBXBuildFile; fileRef = 548BF9051E4855C10074F5F1 /* SsdpResponseHeader.m */; };
		548BF90C1E48766C0074F5F1 /* XMLDictionary.m in Sources */ = {isa = PBXBuildFile; fileRef = 548BF90B1E48766C0074F5F1 /* XMLDictionary.m */; };
		548BF90F1E488C2A0074F5F1 /* ARCWeakRef.m in Sources */ = {isa = PBXBuildFile; fileRef = 548BF90E1E488C2A0074F5F1 /* ARCWeakRef.m */; };
/* End PBXBuildFile section */

/* Begin PBXContainerItemProxy section */
		548BF8E21E482B060074F5F1 /* PBXContainerItemProxy */ = {
			isa = PBXContainerItemProxy;
			containerPortal = 548BF8C01E482B060074F5F1 /* Project object */;
			proxyType = 1;
			remoteGlobalIDString = 548BF8C71E482B060074F5F1;
			remoteInfo = SVDLNADemo;
		};
		548BF8ED1E482B060074F5F1 /* PBXContainerItemProxy */ = {
			isa = PBXContainerItemProxy;
			containerPortal = 548BF8C01E482B060074F5F1 /* Project object */;
			proxyType = 1;
			remoteGlobalIDString = 548BF8C71E482B060074F5F1;
			remoteInfo = SVDLNADemo;
		};
/* End PBXContainerItemProxy section */

/* Begin PBXFileReference section */
		546366591E4AD6A300BCDBF3 /* UPnPManager.h */ = {isa = PBXFileReference; fileEncoding = 4; lastKnownFileType = sourcecode.c.h; path = UPnPManager.h; sourceTree = "<group>"; };
		5463665A1E4AD6A300BCDBF3 /* UPnPManager.m */ = {isa = PBXFileReference; fileEncoding = 4; lastKnownFileType = sourcecode.c.objc; path = UPnPManager.m; sourceTree = "<group>"; };
		5463665C1E4AD6B700BCDBF3 /* UPnPManager+Connection.h */ = {isa = PBXFileReference; fileEncoding = 4; lastKnownFileType = sourcecode.c.h; path = "UPnPManager+Connection.h"; sourceTree = "<group>"; };
		5463665D1E4AD6B700BCDBF3 /* UPnPManager+Connection.m */ = {isa = PBXFileReference; fileEncoding = 4; lastKnownFileType = sourcecode.c.objc; path = "UPnPManager+Connection.m"; sourceTree = "<group>"; };
		547696601E49711D001DAB5F /* NSString+Ext.h */ = {isa = PBXFileReference; fileEncoding = 4; lastKnownFileType = sourcecode.c.h; path = "NSString+Ext.h"; sourceTree = "<group>"; };
		547696611E49711D001DAB5F /* NSString+Ext.m */ = {isa = PBXFileReference; fileEncoding = 4; lastKnownFileType = sourcecode.c.objc; path = "NSString+Ext.m"; sourceTree = "<group>"; };
		547696631E497B2E001DAB5F /* Address.h */ = {isa = PBXFileReference; fileEncoding = 4; lastKnownFileType = sourcecode.c.h; path = Address.h; sourceTree = "<group>"; };
		547696641E497B2E001DAB5F /* Address.m */ = {isa = PBXFileReference; fileEncoding = 4; lastKnownFileType = sourcecode.c.objc; path = Address.m; sourceTree = "<group>"; };
		547696661E4986D7001DAB5F /* DeviceDescription.h */ = {isa = PBXFileReference; fileEncoding = 4; lastKnownFileType = sourcecode.c.h; path = DeviceDescription.h; sourceTree = "<group>"; };
		547696671E4986D7001DAB5F /* DeviceDescription.m */ = {isa = PBXFileReference; fileEncoding = 4; lastKnownFileType = sourcecode.c.objc; path = DeviceDescription.m; sourceTree = "<group>"; };
		547696691E4987A6001DAB5F /* Service.h */ = {isa = PBXFileReference; fileEncoding = 4; lastKnownFileType = sourcecode.c.h; path = Service.h; sourceTree = "<group>"; };
		5476966A1E4987A6001DAB5F /* Service.m */ = {isa = PBXFileReference; fileEncoding = 4; lastKnownFileType = sourcecode.c.objc; path = Service.m; sourceTree = "<group>"; };
		5476966C1E4988D5001DAB5F /* ServiceDescription.h */ = {isa = PBXFileReference; fileEncoding = 4; lastKnownFileType = sourcecode.c.h; path = ServiceDescription.h; sourceTree = "<group>"; };
		5476966D1E4988D5001DAB5F /* ServiceDescription.m */ = {isa = PBXFileReference; fileEncoding = 4; lastKnownFileType = sourcecode.c.objc; path = ServiceDescription.m; sourceTree = "<group>"; };
		5476966F1E498ADA001DAB5F /* Device.h */ = {isa = PBXFileReference; fileEncoding = 4; lastKnownFileType = sourcecode.c.h; path = Device.h; sourceTree = "<group>"; };
		547696701E498ADA001DAB5F /* Device.m */ = {isa = PBXFileReference; fileEncoding = 4; lastKnownFileType = sourcecode.c.objc; path = Device.m; sourceTree = "<group>"; };
		547696741E498BEA001DAB5F /* Action.h */ = {isa = PBXFileReference; fileEncoding = 4; lastKnownFileType = sourcecode.c.h; path = Action.h; sourceTree = "<group>"; };
		547696751E498BEA001DAB5F /* Action.m */ = {isa = PBXFileReference; fileEncoding = 4; lastKnownFileType = sourcecode.c.objc; path = Action.m; sourceTree = "<group>"; };
		547696771E498D40001DAB5F /* Argument.h */ = {isa = PBXFileReference; fileEncoding = 4; lastKnownFileType = sourcecode.c.h; path = Argument.h; sourceTree = "<group>"; };
		547696781E498D40001DAB5F /* Argument.m */ = {isa = PBXFileReference; fileEncoding = 4; lastKnownFileType = sourcecode.c.objc; path = Argument.m; sourceTree = "<group>"; };
		5476967A1E49B612001DAB5F /* CustomTableViewCell.h */ = {isa = PBXFileReference; fileEncoding = 4; lastKnownFileType = sourcecode.c.h; path = CustomTableViewCell.h; sourceTree = "<group>"; };
		5476967B1E49B612001DAB5F /* CustomTableViewCell.m */ = {isa = PBXFileReference; fileEncoding = 4; lastKnownFileType = sourcecode.c.objc; path = CustomTableViewCell.m; sourceTree = "<group>"; };
		5476967D1E49BA46001DAB5F /* DDDViewController.h */ = {isa = PBXFileReference; fileEncoding = 4; lastKnownFileType = sourcecode.c.h; path = DDDViewController.h; sourceTree = "<group>"; };
		5476967E1E49BA46001DAB5F /* DDDViewController.m */ = {isa = PBXFileReference; fileEncoding = 4; lastKnownFileType = sourcecode.c.objc; path = DDDViewController.m; sourceTree = "<group>"; };
		547696821E49CE88001DAB5F /* SDDViewController.h */ = {isa = PBXFileReference; fileEncoding = 4; lastKnownFileType = sourcecode.c.h; path = SDDViewController.h; sourceTree = "<group>"; };
		547696831E49CE88001DAB5F /* SDDViewController.m */ = {isa = PBXFileReference; fileEncoding = 4; lastKnownFileType = sourcecode.c.objc; path = SDDViewController.m; sourceTree = "<group>"; };
		548BF8C81E482B060074F5F1 /* SVDLNADemo.app */ = {isa = PBXFileReference; explicitFileType = wrapper.application; includeInIndex = 0; path = SVDLNADemo.app; sourceTree = BUILT_PRODUCTS_DIR; };
		548BF8CC1E482B060074F5F1 /* main.m */ = {isa = PBXFileReference; lastKnownFileType = sourcecode.c.objc; path = main.m; sourceTree = "<group>"; };
		548BF8CE1E482B060074F5F1 /* AppDelegate.h */ = {isa = PBXFileReference; lastKnownFileType = sourcecode.c.h; path = AppDelegate.h; sourceTree = "<group>"; };
		548BF8CF1E482B060074F5F1 /* AppDelegate.m */ = {isa = PBXFileReference; lastKnownFileType = sourcecode.c.objc; path = AppDelegate.m; sourceTree = "<group>"; };
		548BF8D11E482B060074F5F1 /* ViewController.h */ = {isa = PBXFileReference; lastKnownFileType = sourcecode.c.h; path = ViewController.h; sourceTree = "<group>"; };
		548BF8D21E482B060074F5F1 /* ViewController.m */ = {isa = PBXFileReference; lastKnownFileType = sourcecode.c.objc; path = ViewController.m; sourceTree = "<group>"; };
		548BF8D71E482B060074F5F1 /* Assets.xcassets */ = {isa = PBXFileReference; lastKnownFileType = folder.assetcatalog; path = Assets.xcassets; sourceTree = "<group>"; };
		548BF8DA1E482B060074F5F1 /* Base */ = {isa = PBXFileReference; lastKnownFileType = file.storyboard; name = Base; path = Base.lproj/LaunchScreen.storyboard; sourceTree = "<group>"; };
		548BF8DC1E482B060074F5F1 /* Info.plist */ = {isa = PBXFileReference; lastKnownFileType = text.plist.xml; path = Info.plist; sourceTree = "<group>"; };
		548BF8E11E482B060074F5F1 /* SVDLNADemoTests.xctest */ = {isa = PBXFileReference; explicitFileType = wrapper.cfbundle; includeInIndex = 0; path = SVDLNADemoTests.xctest; sourceTree = BUILT_PRODUCTS_DIR; };
		548BF8E51E482B060074F5F1 /* SVDLNADemoTests.m */ = {isa = PBXFileReference; lastKnownFileType = sourcecode.c.objc; path = SVDLNADemoTests.m; sourceTree = "<group>"; };
		548BF8E71E482B060074F5F1 /* Info.plist */ = {isa = PBXFileReference; lastKnownFileType = text.plist.xml; path = Info.plist; sourceTree = "<group>"; };
		548BF8EC1E482B060074F5F1 /* SVDLNADemoUITests.xctest */ = {isa = PBXFileReference; explicitFileType = wrapper.cfbundle; includeInIndex = 0; path = SVDLNADemoUITests.xctest; sourceTree = BUILT_PRODUCTS_DIR; };
		548BF8F01E482B060074F5F1 /* SVDLNADemoUITests.m */ = {isa = PBXFileReference; lastKnownFileType = sourcecode.c.objc; path = SVDLNADemoUITests.m; sourceTree = "<group>"; };
		548BF8F21E482B060074F5F1 /* Info.plist */ = {isa = PBXFileReference; lastKnownFileType = text.plist.xml; path = Info.plist; sourceTree = "<group>"; };
		548BF8FE1E482CBF0074F5F1 /* GCDAsyncUdpSocket.h */ = {isa = PBXFileReference; fileEncoding = 4; lastKnownFileType = sourcecode.c.h; path = GCDAsyncUdpSocket.h; sourceTree = "<group>"; };
		548BF8FF1E482CBF0074F5F1 /* GCDAsyncUdpSocket.m */ = {isa = PBXFileReference; fileEncoding = 4; lastKnownFileType = sourcecode.c.objc; path = GCDAsyncUdpSocket.m; sourceTree = "<group>"; };
		548BF9041E4855C10074F5F1 /* SsdpResponseHeader.h */ = {isa = PBXFileReference; fileEncoding = 4; lastKnownFileType = sourcecode.c.h; path = SsdpResponseHeader.h; sourceTree = "<group>"; };
		548BF9051E4855C10074F5F1 /* SsdpResponseHeader.m */ = {isa = PBXFileReference; fileEncoding = 4; lastKnownFileType = sourcecode.c.objc; path = SsdpResponseHeader.m; sourceTree = "<group>"; };
		548BF90A1E48766C0074F5F1 /* XMLDictionary.h */ = {isa = PBXFileReference; fileEncoding = 4; lastKnownFileType = sourcecode.c.h; path = XMLDictionary.h; sourceTree = "<group>"; };
		548BF90B1E48766C0074F5F1 /* XMLDictionary.m */ = {isa = PBXFileReference; fileEncoding = 4; lastKnownFileType = sourcecode.c.objc; path = XMLDictionary.m; sourceTree = "<group>"; };
		548BF90D1E488C2A0074F5F1 /* ARCWeakRef.h */ = {isa = PBXFileReference; fileEncoding = 4; lastKnownFileType = sourcecode.c.h; path = ARCWeakRef.h; sourceTree = "<group>"; };
		548BF90E1E488C2A0074F5F1 /* ARCWeakRef.m */ = {isa = PBXFileReference; fileEncoding = 4; lastKnownFileType = sourcecode.c.objc; path = ARCWeakRef.m; sourceTree = "<group>"; };
		548BF9101E488CFA0074F5F1 /* EXTScope.h */ = {isa = PBXFileReference; lastKnownFileType = sourcecode.c.h; path = EXTScope.h; sourceTree = "<group>"; };
		548BF9111E488CFA0074F5F1 /* metamacros.h */ = {isa = PBXFileReference; lastKnownFileType = sourcecode.c.h; path = metamacros.h; sourceTree = "<group>"; };
/* End PBXFileReference section */

/* Begin PBXFrameworksBuildPhase section */
		548BF8C51E482B060074F5F1 /* Frameworks */ = {
			isa = PBXFrameworksBuildPhase;
			buildActionMask = 2147483647;
			files = (
			);
			runOnlyForDeploymentPostprocessing = 0;
		};
		548BF8DE1E482B060074F5F1 /* Frameworks */ = {
			isa = PBXFrameworksBuildPhase;
			buildActionMask = 2147483647;
			files = (
			);
			runOnlyForDeploymentPostprocessing = 0;
		};
		548BF8E91E482B060074F5F1 /* Frameworks */ = {
			isa = PBXFrameworksBuildPhase;
			buildActionMask = 2147483647;
			files = (
			);
			runOnlyForDeploymentPostprocessing = 0;
		};
/* End PBXFrameworksBuildPhase section */

/* Begin PBXGroup section */
		547696721E498BB9001DAB5F /* Model */ = {
			isa = PBXGroup;
			children = (
				548BF9041E4855C10074F5F1 /* SsdpResponseHeader.h */,
				548BF9051E4855C10074F5F1 /* SsdpResponseHeader.m */,
				547696631E497B2E001DAB5F /* Address.h */,
				547696641E497B2E001DAB5F /* Address.m */,
				547696661E4986D7001DAB5F /* DeviceDescription.h */,
				547696671E4986D7001DAB5F /* DeviceDescription.m */,
				547696691E4987A6001DAB5F /* Service.h */,
				5476966A1E4987A6001DAB5F /* Service.m */,
				5476966C1E4988D5001DAB5F /* ServiceDescription.h */,
				5476966D1E4988D5001DAB5F /* ServiceDescription.m */,
				5476966F1E498ADA001DAB5F /* Device.h */,
				547696701E498ADA001DAB5F /* Device.m */,
				547696741E498BEA001DAB5F /* Action.h */,
				547696751E498BEA001DAB5F /* Action.m */,
				547696771E498D40001DAB5F /* Argument.h */,
				547696781E498D40001DAB5F /* Argument.m */,
			);
			name = Model;
			sourceTree = "<group>";
		};
		547696731E498BCB001DAB5F /* Lib */ = {
			isa = PBXGroup;
			children = (
				548BF8FE1E482CBF0074F5F1 /* GCDAsyncUdpSocket.h */,
				548BF8FF1E482CBF0074F5F1 /* GCDAsyncUdpSocket.m */,
				548BF9101E488CFA0074F5F1 /* EXTScope.h */,
				548BF9111E488CFA0074F5F1 /* metamacros.h */,
				548BF90D1E488C2A0074F5F1 /* ARCWeakRef.h */,
				548BF90E1E488C2A0074F5F1 /* ARCWeakRef.m */,
				548BF90A1E48766C0074F5F1 /* XMLDictionary.h */,
				548BF90B1E48766C0074F5F1 /* XMLDictionary.m */,
			);
			name = Lib;
			sourceTree = "<group>";
		};
		548BF8BF1E482B060074F5F1 = {
			isa = PBXGroup;
			children = (
				548BF8CA1E482B060074F5F1 /* SVDLNADemo */,
				548BF8E41E482B060074F5F1 /* SVDLNADemoTests */,
				548BF8EF1E482B060074F5F1 /* SVDLNADemoUITests */,
				548BF8C91E482B060074F5F1 /* Products */,
			);
			sourceTree = "<group>";
		};
		548BF8C91E482B060074F5F1 /* Products */ = {
			isa = PBXGroup;
			children = (
				548BF8C81E482B060074F5F1 /* SVDLNADemo.app */,
				548BF8E11E482B060074F5F1 /* SVDLNADemoTests.xctest */,
				548BF8EC1E482B060074F5F1 /* SVDLNADemoUITests.xctest */,
			);
			name = Products;
			sourceTree = "<group>";
		};
		548BF8CA1E482B060074F5F1 /* SVDLNADemo */ = {
			isa = PBXGroup;
			children = (
				548BF8CE1E482B060074F5F1 /* AppDelegate.h */,
				548BF8CF1E482B060074F5F1 /* AppDelegate.m */,
				546366591E4AD6A300BCDBF3 /* UPnPManager.h */,
				5463665A1E4AD6A300BCDBF3 /* UPnPManager.m */,
				5463665C1E4AD6B700BCDBF3 /* UPnPManager+Connection.h */,
				5463665D1E4AD6B700BCDBF3 /* UPnPManager+Connection.m */,
				5476967A1E49B612001DAB5F /* CustomTableViewCell.h */,
				5476967B1E49B612001DAB5F /* CustomTableViewCell.m */,
				548BF8D11E482B060074F5F1 /* ViewController.h */,
				548BF8D21E482B060074F5F1 /* ViewController.m */,
				5476967D1E49BA46001DAB5F /* DDDViewController.h */,
				5476967E1E49BA46001DAB5F /* DDDViewController.m */,
				547696821E49CE88001DAB5F /* SDDViewController.h */,
				547696831E49CE88001DAB5F /* SDDViewController.m */,
				547696731E498BCB001DAB5F /* Lib */,
				547696721E498BB9001DAB5F /* Model */,
				548BF8D71E482B060074F5F1 /* Assets.xcassets */,
				548BF8D91E482B060074F5F1 /* LaunchScreen.storyboard */,
				548BF8DC1E482B060074F5F1 /* Info.plist */,
				548BF8CB1E482B060074F5F1 /* Supporting Files */,
			);
			path = SVDLNADemo;
			sourceTree = "<group>";
		};
		548BF8CB1E482B060074F5F1 /* Supporting Files */ = {
			isa = PBXGroup;
			children = (
				547696601E49711D001DAB5F /* NSString+Ext.h */,
				547696611E49711D001DAB5F /* NSString+Ext.m */,
				548BF8CC1E482B060074F5F1 /* main.m */,
			);
			name = "Supporting Files";
			sourceTree = "<group>";
		};
		548BF8E41E482B060074F5F1 /* SVDLNADemoTests */ = {
			isa = PBXGroup;
			children = (
				548BF8E51E482B060074F5F1 /* SVDLNADemoTests.m */,
				548BF8E71E482B060074F5F1 /* Info.plist */,
			);
			path = SVDLNADemoTests;
			sourceTree = "<group>";
		};
		548BF8EF1E482B060074F5F1 /* SVDLNADemoUITests */ = {
			isa = PBXGroup;
			children = (
				548BF8F01E482B060074F5F1 /* SVDLNADemoUITests.m */,
				548BF8F21E482B060074F5F1 /* Info.plist */,
			);
			path = SVDLNADemoUITests;
			sourceTree = "<group>";
		};
/* End PBXGroup section */

/* Begin PBXNativeTarget section */
		548BF8C71E482B060074F5F1 /* SVDLNADemo */ = {
			isa = PBXNativeTarget;
			buildConfigurationList = 548BF8F51E482B060074F5F1 /* Build configuration list for PBXNativeTarget "SVDLNADemo" */;
			buildPhases = (
				548BF8C41E482B060074F5F1 /* Sources */,
				548BF8C51E482B060074F5F1 /* Frameworks */,
				548BF8C61E482B060074F5F1 /* Resources */,
			);
			buildRules = (
			);
			dependencies = (
			);
			name = SVDLNADemo;
			productName = SVDLNADemo;
			productReference = 548BF8C81E482B060074F5F1 /* SVDLNADemo.app */;
			productType = "com.apple.product-type.application";
		};
		548BF8E01E482B060074F5F1 /* SVDLNADemoTests */ = {
			isa = PBXNativeTarget;
			buildConfigurationList = 548BF8F81E482B060074F5F1 /* Build configuration list for PBXNativeTarget "SVDLNADemoTests" */;
			buildPhases = (
				548BF8DD1E482B060074F5F1 /* Sources */,
				548BF8DE1E482B060074F5F1 /* Frameworks */,
				548BF8DF1E482B060074F5F1 /* Resources */,
			);
			buildRules = (
			);
			dependencies = (
				548BF8E31E482B060074F5F1 /* PBXTargetDependency */,
			);
			name = SVDLNADemoTests;
			productName = SVDLNADemoTests;
			productReference = 548BF8E11E482B060074F5F1 /* SVDLNADemoTests.xctest */;
			productType = "com.apple.product-type.bundle.unit-test";
		};
		548BF8EB1E482B060074F5F1 /* SVDLNADemoUITests */ = {
			isa = PBXNativeTarget;
			buildConfigurationList = 548BF8FB1E482B060074F5F1 /* Build configuration list for PBXNativeTarget "SVDLNADemoUITests" */;
			buildPhases = (
				548BF8E81E482B060074F5F1 /* Sources */,
				548BF8E91E482B060074F5F1 /* Frameworks */,
				548BF8EA1E482B060074F5F1 /* Resources */,
			);
			buildRules = (
			);
			dependencies = (
				548BF8EE1E482B060074F5F1 /* PBXTargetDependency */,
			);
			name = SVDLNADemoUITests;
			productName = SVDLNADemoUITests;
			productReference = 548BF8EC1E482B060074F5F1 /* SVDLNADemoUITests.xctest */;
			productType = "com.apple.product-type.bundle.ui-testing";
		};
/* End PBXNativeTarget section */

/* Begin PBXProject section */
		548BF8C01E482B060074F5F1 /* Project object */ = {
			isa = PBXProject;
			attributes = {
				LastUpgradeCheck = 0730;
				ORGANIZATIONNAME = " bolizhou";
				TargetAttributes = {
					548BF8C71E482B060074F5F1 = {
						CreatedOnToolsVersion = 7.3.1;
					};
					548BF8E01E482B060074F5F1 = {
						CreatedOnToolsVersion = 7.3.1;
						DevelopmentTeam = R8SXHLJ4HE;
						TestTargetID = 548BF8C71E482B060074F5F1;
					};
					548BF8EB1E482B060074F5F1 = {
						CreatedOnToolsVersion = 7.3.1;
						DevelopmentTeam = R8SXHLJ4HE;
						TestTargetID = 548BF8C71E482B060074F5F1;
					};
				};
			};
			buildConfigurationList = 548BF8C31E482B060074F5F1 /* Build configuration list for PBXProject "SVDLNADemo" */;
			compatibilityVersion = "Xcode 3.2";
			developmentRegion = English;
			hasScannedForEncodings = 0;
			knownRegions = (
				en,
				Base,
			);
			mainGroup = 548BF8BF1E482B060074F5F1;
			productRefGroup = 548BF8C91E482B060074F5F1 /* Products */;
			projectDirPath = "";
			projectRoot = "";
			targets = (
				548BF8C71E482B060074F5F1 /* SVDLNADemo */,
				548BF8E01E482B060074F5F1 /* SVDLNADemoTests */,
				548BF8EB1E482B060074F5F1 /* SVDLNADemoUITests */,
			);
		};
/* End PBXProject section */

/* Begin PBXResourcesBuildPhase section */
		548BF8C61E482B060074F5F1 /* Resources */ = {
			isa = PBXResourcesBuildPhase;
			buildActionMask = 2147483647;
			files = (
				548BF8DB1E482B060074F5F1 /* LaunchScreen.storyboard in Resources */,
				548BF8D81E482B060074F5F1 /* Assets.xcassets in Resources */,
			);
			runOnlyForDeploymentPostprocessing = 0;
		};
		548BF8DF1E482B060074F5F1 /* Resources */ = {
			isa = PBXResourcesBuildPhase;
			buildActionMask = 2147483647;
			files = (
			);
			runOnlyForDeploymentPostprocessing = 0;
		};
		548BF8EA1E482B060074F5F1 /* Resources */ = {
			isa = PBXResourcesBuildPhase;
			buildActionMask = 2147483647;
			files = (
			);
			runOnlyForDeploymentPostprocessing = 0;
		};
/* End PBXResourcesBuildPhase section */

/* Begin PBXSourcesBuildPhase section */
		548BF8C41E482B060074F5F1 /* Sources */ = {
			isa = PBXSourcesBuildPhase;
			buildActionMask = 2147483647;
			files = (
				547696791E498D40001DAB5F /* Argument.m in Sources */,
				548BF9061E4855C10074F5F1 /* SsdpResponseHeader.m in Sources */,
				548BF9001E482CBF0074F5F1 /* GCDAsyncUdpSocket.m in Sources */,
				548BF90F1E488C2A0074F5F1 /* ARCWeakRef.m in Sources */,
				547696681E4986D7001DAB5F /* DeviceDescription.m in Sources */,
				548BF8D31E482B060074F5F1 /* ViewController.m in Sources */,
				547696651E497B2E001DAB5F /* Address.m in Sources */,
				5476966B1E4987A6001DAB5F /* Service.m in Sources */,
				548BF90C1E48766C0074F5F1 /* XMLDictionary.m in Sources */,
				5463665B1E4AD6A300BCDBF3 /* UPnPManager.m in Sources */,
				5476966E1E4988D5001DAB5F /* ServiceDescription.m in Sources */,
				5476967F1E49BA46001DAB5F /* DDDViewController.m in Sources */,
				547696761E498BEA001DAB5F /* Action.m in Sources */,
				548BF8D01E482B060074F5F1 /* AppDelegate.m in Sources */,
				547696711E498ADA001DAB5F /* Device.m in Sources */,
				547696841E49CE88001DAB5F /* SDDViewController.m in Sources */,
				5463665E1E4AD6B700BCDBF3 /* UPnPManager+Connection.m in Sources */,
				547696621E49711D001DAB5F /* NSString+Ext.m in Sources */,
				5476967C1E49B612001DAB5F /* CustomTableViewCell.m in Sources */,
				548BF8CD1E482B060074F5F1 /* main.m in Sources */,
			);
			runOnlyForDeploymentPostprocessing = 0;
		};
		548BF8DD1E482B060074F5F1 /* Sources */ = {
			isa = PBXSourcesBuildPhase;
			buildActionMask = 2147483647;
			files = (
				548BF8E61E482B060074F5F1 /* SVDLNADemoTests.m in Sources */,
			);
			runOnlyForDeploymentPostprocessing = 0;
		};
		548BF8E81E482B060074F5F1 /* Sources */ = {
			isa = PBXSourcesBuildPhase;
			buildActionMask = 2147483647;
			files = (
				548BF8F11E482B060074F5F1 /* SVDLNADemoUITests.m in Sources */,
			);
			runOnlyForDeploymentPostprocessing = 0;
		};
/* End PBXSourcesBuildPhase section */

/* Begin PBXTargetDependency section */
		548BF8E31E482B060074F5F1 /* PBXTargetDependency */ = {
			isa = PBXTargetDependency;
			target = 548BF8C71E482B060074F5F1 /* SVDLNADemo */;
			targetProxy = 548BF8E21E482B060074F5F1 /* PBXContainerItemProxy */;
		};
		548BF8EE1E482B060074F5F1 /* PBXTargetDependency */ = {
			isa = PBXTargetDependency;
			target = 548BF8C71E482B060074F5F1 /* SVDLNADemo */;
			targetProxy = 548BF8ED1E482B060074F5F1 /* PBXContainerItemProxy */;
		};
/* End PBXTargetDependency section */

/* Begin PBXVariantGroup section */
		548BF8D91E482B060074F5F1 /* LaunchScreen.storyboard */ = {
			isa = PBXVariantGroup;
			children = (
				548BF8DA1E482B060074F5F1 /* Base */,
			);
			name = LaunchScreen.storyboard;
			sourceTree = "<group>";
		};
/* End PBXVariantGroup section */

/* Begin XCBuildConfiguration section */
		548BF8F31E482B060074F5F1 /* Debug */ = {
			isa = XCBuildConfiguration;
			buildSettings = {
				ALWAYS_SEARCH_USER_PATHS = NO;
				CLANG_ANALYZER_NONNULL = YES;
				CLANG_CXX_LANGUAGE_STANDARD = "gnu++0x";
				CLANG_CXX_LIBRARY = "libc++";
				CLANG_ENABLE_MODULES = YES;
				CLANG_ENABLE_OBJC_ARC = YES;
				CLANG_WARN_BOOL_CONVERSION = YES;
				CLANG_WARN_CONSTANT_CONVERSION = YES;
				CLANG_WARN_DIRECT_OBJC_ISA_USAGE = YES_ERROR;
				CLANG_WARN_EMPTY_BODY = YES;
				CLANG_WARN_ENUM_CONVERSION = YES;
				CLANG_WARN_INT_CONVERSION = YES;
				CLANG_WARN_OBJC_ROOT_CLASS = YES_ERROR;
				CLANG_WARN_UNREACHABLE_CODE = YES;
				CLANG_WARN__DUPLICATE_METHOD_MATCH = YES;
				"CODE_SIGN_IDENTITY[sdk=iphoneos*]" = "iPhone Developer";
				COPY_PHASE_STRIP = NO;
				DEBUG_INFORMATION_FORMAT = dwarf;
				ENABLE_STRICT_OBJC_MSGSEND = YES;
				ENABLE_TESTABILITY = YES;
				GCC_C_LANGUAGE_STANDARD = gnu99;
				GCC_DYNAMIC_NO_PIC = NO;
				GCC_NO_COMMON_BLOCKS = YES;
				GCC_OPTIMIZATION_LEVEL = 0;
				GCC_PREPROCESSOR_DEFINITIONS = (
					"DEBUG=1",
					"$(inherited)",
				);
				GCC_WARN_64_TO_32_BIT_CONVERSION = YES;
				GCC_WARN_ABOUT_RETURN_TYPE = YES_ERROR;
				GCC_WARN_UNDECLARED_SELECTOR = YES;
				GCC_WARN_UNINITIALIZED_AUTOS = YES_AGGRESSIVE;
				GCC_WARN_UNUSED_FUNCTION = YES;
				GCC_WARN_UNUSED_VARIABLE = YES;
				IPHONEOS_DEPLOYMENT_TARGET = 9.3;
				MTL_ENABLE_DEBUG_INFO = YES;
				ONLY_ACTIVE_ARCH = YES;
				SDKROOT = iphoneos;
			};
			name = Debug;
		};
		548BF8F41E482B060074F5F1 /* Release */ = {
			isa = XCBuildConfiguration;
			buildSettings = {
				ALWAYS_SEARCH_USER_PATHS = NO;
				CLANG_ANALYZER_NONNULL = YES;
				CLANG_CXX_LANGUAGE_STANDARD = "gnu++0x";
				CLANG_CXX_LIBRARY = "libc++";
				CLANG_ENABLE_MODULES = YES;
				CLANG_ENABLE_OBJC_ARC = YES;
				CLANG_WARN_BOOL_CONVERSION = YES;
				CLANG_WARN_CONSTANT_CONVERSION = YES;
				CLANG_WARN_DIRECT_OBJC_ISA_USAGE = YES_ERROR;
				CLANG_WARN_EMPTY_BODY = YES;
				CLANG_WARN_ENUM_CONVERSION = YES;
				CLANG_WARN_INT_CONVERSION = YES;
				CLANG_WARN_OBJC_ROOT_CLASS = YES_ERROR;
				CLANG_WARN_UNREACHABLE_CODE = YES;
				CLANG_WARN__DUPLICATE_METHOD_MATCH = YES;
				"CODE_SIGN_IDENTITY[sdk=iphoneos*]" = "iPhone Developer";
				COPY_PHASE_STRIP = NO;
				DEBUG_INFORMATION_FORMAT = "dwarf-with-dsym";
				ENABLE_NS_ASSERTIONS = NO;
				ENABLE_STRICT_OBJC_MSGSEND = YES;
				GCC_C_LANGUAGE_STANDARD = gnu99;
				GCC_NO_COMMON_BLOCKS = YES;
				GCC_WARN_64_TO_32_BIT_CONVERSION = YES;
				GCC_WARN_ABOUT_RETURN_TYPE = YES_ERROR;
				GCC_WARN_UNDECLARED_SELECTOR = YES;
				GCC_WARN_UNINITIALIZED_AUTOS = YES_AGGRESSIVE;
				GCC_WARN_UNUSED_FUNCTION = YES;
				GCC_WARN_UNUSED_VARIABLE = YES;
				IPHONEOS_DEPLOYMENT_TARGET = 9.3;
				MTL_ENABLE_DEBUG_INFO = NO;
				SDKROOT = iphoneos;
				VALIDATE_PRODUCT = YES;
			};
			name = Release;
		};
		548BF8F61E482B060074F5F1 /* Debug */ = {
			isa = XCBuildConfiguration;
			buildSettings = {
				ASSETCATALOG_COMPILER_APPICON_NAME = AppIcon;
				CODE_SIGN_IDENTITY = "iPhone Developer";
				"CODE_SIGN_IDENTITY[sdk=iphoneos*]" = "iPhone Developer";
				INFOPLIST_FILE = SVDLNADemo/Info.plist;
				IPHONEOS_DEPLOYMENT_TARGET = 8.2;
				LD_RUNPATH_SEARCH_PATHS = "$(inherited) @executable_path/Frameworks";
				PRODUCT_BUNDLE_IDENTIFIER = com.bolizhou.SOHUTest.SVDLNADemo;
				PRODUCT_NAME = "$(TARGET_NAME)";
				PROVISIONING_PROFILE = "";
			};
			name = Debug;
		};
		548BF8F71E482B060074F5F1 /* Release */ = {
			isa = XCBuildConfiguration;
			buildSettings = {
				ASSETCATALOG_COMPILER_APPICON_NAME = AppIcon;
				CODE_SIGN_IDENTITY = "iPhone Developer";
				"CODE_SIGN_IDENTITY[sdk=iphoneos*]" = "iPhone Developer";
				INFOPLIST_FILE = SVDLNADemo/Info.plist;
				IPHONEOS_DEPLOYMENT_TARGET = 8.2;
				LD_RUNPATH_SEARCH_PATHS = "$(inherited) @executable_path/Frameworks";
				PRODUCT_BUNDLE_IDENTIFIER = com.bolizhou.SOHUTest.SVDLNADemo;
				PRODUCT_NAME = "$(TARGET_NAME)";
				PROVISIONING_PROFILE = "";
			};
			name = Release;
		};
		548BF8F91E482B060074F5F1 /* Debug */ = {
			isa = XCBuildConfiguration;
			buildSettings = {
				BUNDLE_LOADER = "$(TEST_HOST)";
				INFOPLIST_FILE = SVDLNADemoTests/Info.plist;
				LD_RUNPATH_SEARCH_PATHS = "$(inherited) @executable_path/Frameworks @loader_path/Frameworks";
				PRODUCT_BUNDLE_IDENTIFIER = com.bolizhou.SOHUTest.SVDLNADemoTests;
				PRODUCT_NAME = "$(TARGET_NAME)";
				TEST_HOST = "$(BUILT_PRODUCTS_DIR)/SVDLNADemo.app/SVDLNADemo";
			};
			name = Debug;
		};
		548BF8FA1E482B060074F5F1 /* Release */ = {
			isa = XCBuildConfiguration;
			buildSettings = {
				BUNDLE_LOADER = "$(TEST_HOST)";
				INFOPLIST_FILE = SVDLNADemoTests/Info.plist;
				LD_RUNPATH_SEARCH_PATHS = "$(inherited) @executable_path/Frameworks @loader_path/Frameworks";
				PRODUCT_BUNDLE_IDENTIFIER = com.bolizhou.SOHUTest.SVDLNADemoTests;
				PRODUCT_NAME = "$(TARGET_NAME)";
				TEST_HOST = "$(BUILT_PRODUCTS_DIR)/SVDLNADemo.app/SVDLNADemo";
			};
			name = Release;
		};
		548BF8FC1E482B060074F5F1 /* Debug */ = {
			isa = XCBuildConfiguration;
			buildSettings = {
				INFOPLIST_FILE = SVDLNADemoUITests/Info.plist;
				LD_RUNPATH_SEARCH_PATHS = "$(inherited) @executable_path/Frameworks @loader_path/Frameworks";
				PRODUCT_BUNDLE_IDENTIFIER = com.bolizhou.SOHUTest.SVDLNADemoUITests;
				PRODUCT_NAME = "$(TARGET_NAME)";
				TEST_TARGET_NAME = SVDLNADemo;
			};
			name = Debug;
		};
		548BF8FD1E482B060074F5F1 /* Release */ = {
			isa = XCBuildConfiguration;
			buildSettings = {
				INFOPLIST_FILE = SVDLNADemoUITests/Info.plist;
				LD_RUNPATH_SEARCH_PATHS = "$(inherited) @executable_path/Frameworks @loader_path/Frameworks";
				PRODUCT_BUNDLE_IDENTIFIER = com.bolizhou.SOHUTest.SVDLNADemoUITests;
				PRODUCT_NAME = "$(TARGET_NAME)";
				TEST_TARGET_NAME = SVDLNADemo;
			};
			name = Release;
		};
/* End XCBuildConfiguration section */

/* Begin XCConfigurationList section */
		548BF8C31E482B060074F5F1 /* Build configuration list for PBXProject "SVDLNADemo" */ = {
			isa = XCConfigurationList;
			buildConfigurations = (
				548BF8F31E482B060074F5F1 /* Debug */,
				548BF8F41E482B060074F5F1 /* Release */,
			);
			defaultConfigurationIsVisible = 0;
			defaultConfigurationName = Release;
		};
		548BF8F51E482B060074F5F1 /* Build configuration list for PBXNativeTarget "SVDLNADemo" */ = {
			isa = XCConfigurationList;
			buildConfigurations = (
				548BF8F61E482B060074F5F1 /* Debug */,
				548BF8F71E482B060074F5F1 /* Release */,
			);
			defaultConfigurationIsVisible = 0;
			defaultConfigurationName = Release;
		};
		548BF8F81E482B060074F5F1 /* Build configuration list for PBXNativeTarget "SVDLNADemoTests" */ = {
			isa = XCConfigurationList;
			buildConfigurations = (
				548BF8F91E482B060074F5F1 /* Debug */,
				548BF8FA1E482B060074F5F1 /* Release */,
			);
			defaultConfigurationIsVisible = 0;
			defaultConfigurationName = Release;
		};
		548BF8FB1E482B060074F5F1 /* Build configuration list for PBXNativeTarget "SVDLNADemoUITests" */ = {
			isa = XCConfigurationList;
			buildConfigurations = (
				548BF8FC1E482B060074F5F1 /* Debug */,
				548BF8FD1E482B060074F5F1 /* Release */,
			);
			defaultConfigurationIsVisible = 0;
			defaultConfigurationName = Release;
		};
/* End XCConfigurationList section */
	};
	rootObject = 548BF8C01E482B060074F5F1 /* Project object */;
}
